
Microsoft Visual Studio Solution File, Format Version 12.00
# Visual Studio Version 17
VisualStudioVersion = 17.0.31903.59
MinimumVisualStudioVersion = 10.0.40219.1
Project("{2150E333-8FDC-42A3-9474-1A3956D46DE8}") = "Api", "Api", "{D82C56D6-B2CD-F611-9E31-04638F7EC30E}"
EndProject
Project("{FAE04EC0-301F-11D3-BF4B-00C04F79EFBC}") = "GdUnit4Api", "Api\GdUnit4Api.csproj", "{99E0D3C7-2493-418D-BD28-A2365102B103}"
EndProject
Project("{2150E333-8FDC-42A3-9474-1A3956D46DE8}") = "Analyzers", "Analyzers", "{F883AD26-E2D9-0064-49F2-B333EF800629}"
EndProject
Project("{FAE04EC0-301F-11D3-BF4B-00C04F79EFBC}") = "GdUnit4Analyzers", "Analyzers\GdUnit4Analyzers.csproj", "{B4EF10F1-1E47-465D-893D-B6627C83E010}"
EndProject
Project("{2150E333-8FDC-42A3-9474-1A3956D46DE8}") = "Analyzers.Test", "Analyzers.Test", "{CEE4CB6F-82D5-E4EE-AE64-52BA4C2B10C4}"
EndProject
Project("{FAE04EC0-301F-11D3-BF4B-00C04F79EFBC}") = "GdUnit4Analyzers.Tests", "Analyzers.Test\GdUnit4Analyzers.Tests.csproj", "{9B64D195-8023-42BE-81B5-167996A8464F}"
EndProject
Project("{2150E333-8FDC-42A3-9474-1A3956D46DE8}") = "Api.Test", "Api.Test", "{C44BBC64-9366-719A-7D54-DF7EFA4CD1D2}"
EndProject
Project("{FAE04EC0-301F-11D3-BF4B-00C04F79EFBC}") = "GdUnit4ApiTest", "Api.Test\GdUnit4ApiTest.csproj", "{D382CE0B-1838-430D-8C5D-7442178F82B7}"
EndProject
Project("{2150E333-8FDC-42A3-9474-1A3956D46DE8}") = "TestAdapter", "TestAdapter", "{ED47B8C4-8D2D-BB6C-2718-125AD609AAD0}"
EndProject
Project("{FAE04EC0-301F-11D3-BF4B-00C04F79EFBC}") = "GdUnit4TestAdapter", "TestAdapter\GdUnit4TestAdapter.csproj", "{5F5BC18D-4E5F-4F50-92B1-1BA3DDE65AB4}"
EndProject
Project("{2150E333-8FDC-42A3-9474-1A3956D46DE8}") = "TestAdapter.Test", "TestAdapter.Test", "{597651D8-71AE-D48A-1B4A-229A74677D16}"
EndProject
Project("{FAE04EC0-301F-11D3-BF4B-00C04F79EFBC}") = "GdUnit4TestAdapter.Tests", "TestAdapter.Test\GdUnit4TestAdapter.Tests.csproj", "{22E88ED7-3150-4204-8E2A-EEFA5508F4F4}"
EndProject
Project("{2150E333-8FDC-42A3-9474-1A3956D46DE8}") = "Example", "Example", "{1D587995-D2B1-D47C-23B4-E8E972FA15E9}"
EndProject
Project("{FAE04EC0-301F-11D3-BF4B-00C04F79EFBC}") = "ExampleProject", "Example\ExampleProject.csproj", "{B1261719-7853-4CED-9E3F-F8DA2C73DFC0}"
EndProject
Global
	GlobalSection(SolutionConfigurationPlatforms) = preSolution
		Debug|Any CPU = Debug|Any CPU
		Debug|x64 = Debug|x64
		Debug|x86 = Debug|x86
		Release|Any CPU = Release|Any CPU
		Release|x64 = Release|x64
		Release|x86 = Release|x86
	EndGlobalSection
	GlobalSection(ProjectConfigurationPlatforms) = postSolution
		{99E0D3C7-2493-418D-BD28-A2365102B103}.Debug|Any CPU.ActiveCfg = Debug|Any CPU
		{99E0D3C7-2493-418D-BD28-A2365102B103}.Debug|Any CPU.Build.0 = Debug|Any CPU
		{99E0D3C7-2493-418D-BD28-A2365102B103}.Debug|x64.ActiveCfg = Debug|Any CPU
		{99E0D3C7-2493-418D-BD28-A2365102B103}.Debug|x64.Build.0 = Debug|Any CPU
		{99E0D3C7-2493-418D-BD28-A2365102B103}.Debug|x86.ActiveCfg = Debug|Any CPU
		{99E0D3C7-2493-418D-BD28-A2365102B103}.Debug|x86.Build.0 = Debug|Any CPU
		{99E0D3C7-2493-418D-BD28-A2365102B103}.Release|Any CPU.ActiveCfg = Release|Any CPU
		{99E0D3C7-2493-418D-BD28-A2365102B103}.Release|Any CPU.Build.0 = Release|Any CPU
		{99E0D3C7-2493-418D-BD28-A2365102B103}.Release|x64.ActiveCfg = Release|Any CPU
		{99E0D3C7-2493-418D-BD28-A2365102B103}.Release|x64.Build.0 = Release|Any CPU
		{99E0D3C7-2493-418D-BD28-A2365102B103}.Release|x86.ActiveCfg = Release|Any CPU
		{99E0D3C7-2493-418D-BD28-A2365102B103}.Release|x86.Build.0 = Release|Any CPU
		{B4EF10F1-1E47-465D-893D-B6627C83E010}.Debug|Any CPU.ActiveCfg = Debug|Any CPU
		{B4EF10F1-1E47-465D-893D-B6627C83E010}.Debug|Any CPU.Build.0 = Debug|Any CPU
		{B4EF10F1-1E47-465D-893D-B6627C83E010}.Debug|x64.ActiveCfg = Debug|Any CPU
		{B4EF10F1-1E47-465D-893D-B6627C83E010}.Debug|x64.Build.0 = Debug|Any CPU
		{B4EF10F1-1E47-465D-893D-B6627C83E010}.Debug|x86.ActiveCfg = Debug|Any CPU
		{B4EF10F1-1E47-465D-893D-B6627C83E010}.Debug|x86.Build.0 = Debug|Any CPU
		{B4EF10F1-1E47-465D-893D-B6627C83E010}.Release|Any CPU.ActiveCfg = Release|Any CPU
		{B4EF10F1-1E47-465D-893D-B6627C83E010}.Release|Any CPU.Build.0 = Release|Any CPU
		{B4EF10F1-1E47-465D-893D-B6627C83E010}.Release|x64.ActiveCfg = Release|Any CPU
		{B4EF10F1-1E47-465D-893D-B6627C83E010}.Release|x64.Build.0 = Release|Any CPU
		{B4EF10F1-1E47-465D-893D-B6627C83E010}.Release|x86.ActiveCfg = Release|Any CPU
		{B4EF10F1-1E47-465D-893D-B6627C83E010}.Release|x86.Build.0 = Release|Any CPU
		{9B64D195-8023-42BE-81B5-167996A8464F}.Debug|Any CPU.ActiveCfg = Debug|Any CPU
		{9B64D195-8023-42BE-81B5-167996A8464F}.Debug|Any CPU.Build.0 = Debug|Any CPU
		{9B64D195-8023-42BE-81B5-167996A8464F}.Debug|x64.ActiveCfg = Debug|Any CPU
		{9B64D195-8023-42BE-81B5-167996A8464F}.Debug|x64.Build.0 = Debug|Any CPU
		{9B64D195-8023-42BE-81B5-167996A8464F}.Debug|x86.ActiveCfg = Debug|Any CPU
		{9B64D195-8023-42BE-81B5-167996A8464F}.Debug|x86.Build.0 = Debug|Any CPU
		{9B64D195-8023-42BE-81B5-167996A8464F}.Release|Any CPU.ActiveCfg = Release|Any CPU
		{9B64D195-8023-42BE-81B5-167996A8464F}.Release|Any CPU.Build.0 = Release|Any CPU
		{9B64D195-8023-42BE-81B5-167996A8464F}.Release|x64.ActiveCfg = Release|Any CPU
		{9B64D195-8023-42BE-81B5-167996A8464F}.Release|x64.Build.0 = Release|Any CPU
		{9B64D195-8023-42BE-81B5-167996A8464F}.Release|x86.ActiveCfg = Release|Any CPU
		{9B64D195-8023-42BE-81B5-167996A8464F}.Release|x86.Build.0 = Release|Any CPU
		{D382CE0B-1838-430D-8C5D-7442178F82B7}.Debug|Any CPU.ActiveCfg = Debug|Any CPU
		{D382CE0B-1838-430D-8C5D-7442178F82B7}.Debug|Any CPU.Build.0 = Debug|Any CPU
		{D382CE0B-1838-430D-8C5D-7442178F82B7}.Debug|x64.ActiveCfg = Debug|Any CPU
		{D382CE0B-1838-430D-8C5D-7442178F82B7}.Debug|x64.Build.0 = Debug|Any CPU
		{D382CE0B-1838-430D-8C5D-7442178F82B7}.Debug|x86.ActiveCfg = Debug|Any CPU
		{D382CE0B-1838-430D-8C5D-7442178F82B7}.Debug|x86.Build.0 = Debug|Any CPU
		{D382CE0B-1838-430D-8C5D-7442178F82B7}.Release|Any CPU.ActiveCfg = Debug|Any CPU
		{D382CE0B-1838-430D-8C5D-7442178F82B7}.Release|Any CPU.Build.0 = Debug|Any CPU
		{D382CE0B-1838-430D-8C5D-7442178F82B7}.Release|x64.ActiveCfg = Debug|Any CPU
		{D382CE0B-1838-430D-8C5D-7442178F82B7}.Release|x64.Build.0 = Debug|Any CPU
		{D382CE0B-1838-430D-8C5D-7442178F82B7}.Release|x86.ActiveCfg = Debug|Any CPU
		{D382CE0B-1838-430D-8C5D-7442178F82B7}.Release|x86.Build.0 = Debug|Any CPU
		{5F5BC18D-4E5F-4F50-92B1-1BA3DDE65AB4}.Debug|Any CPU.ActiveCfg = Debug|Any CPU
		{5F5BC18D-4E5F-4F50-92B1-1BA3DDE65AB4}.Debug|Any CPU.Build.0 = Debug|Any CPU
		{5F5BC18D-4E5F-4F50-92B1-1BA3DDE65AB4}.Debug|x64.ActiveCfg = Debug|Any CPU
		{5F5BC18D-4E5F-4F50-92B1-1BA3DDE65AB4}.Debug|x64.Build.0 = Debug|Any CPU
		{5F5BC18D-4E5F-4F50-92B1-1BA3DDE65AB4}.Debug|x86.ActiveCfg = Debug|Any CPU
		{5F5BC18D-4E5F-4F50-92B1-1BA3DDE65AB4}.Debug|x86.Build.0 = Debug|Any CPU
		{5F5BC18D-4E5F-4F50-92B1-1BA3DDE65AB4}.Release|Any CPU.ActiveCfg = Release|Any CPU
		{5F5BC18D-4E5F-4F50-92B1-1BA3DDE65AB4}.Release|Any CPU.Build.0 = Release|Any CPU
		{5F5BC18D-4E5F-4F50-92B1-1BA3DDE65AB4}.Release|x64.ActiveCfg = Release|Any CPU
		{5F5BC18D-4E5F-4F50-92B1-1BA3DDE65AB4}.Release|x64.Build.0 = Release|Any CPU
		{5F5BC18D-4E5F-4F50-92B1-1BA3DDE65AB4}.Release|x86.ActiveCfg = Release|Any CPU
		{5F5BC18D-4E5F-4F50-92B1-1BA3DDE65AB4}.Release|x86.Build.0 = Release|Any CPU
		{22E88ED7-3150-4204-8E2A-EEFA5508F4F4}.Debug|Any CPU.ActiveCfg = Debug|Any CPU
		{22E88ED7-3150-4204-8E2A-EEFA5508F4F4}.Debug|Any CPU.Build.0 = Debug|Any CPU
		{22E88ED7-3150-4204-8E2A-EEFA5508F4F4}.Debug|x64.ActiveCfg = Debug|Any CPU
		{22E88ED7-3150-4204-8E2A-EEFA5508F4F4}.Debug|x64.Build.0 = Debug|Any CPU
		{22E88ED7-3150-4204-8E2A-EEFA5508F4F4}.Debug|x86.ActiveCfg = Debug|Any CPU
		{22E88ED7-3150-4204-8E2A-EEFA5508F4F4}.Debug|x86.Build.0 = Debug|Any CPU
		{22E88ED7-3150-4204-8E2A-EEFA5508F4F4}.Release|Any CPU.ActiveCfg = Release|Any CPU
		{22E88ED7-3150-4204-8E2A-EEFA5508F4F4}.Release|Any CPU.Build.0 = Release|Any CPU
		{22E88ED7-3150-4204-8E2A-EEFA5508F4F4}.Release|x64.ActiveCfg = Release|Any CPU
		{22E88ED7-3150-4204-8E2A-EEFA5508F4F4}.Release|x64.Build.0 = Release|Any CPU
		{22E88ED7-3150-4204-8E2A-EEFA5508F4F4}.Release|x86.ActiveCfg = Release|Any CPU
		{22E88ED7-3150-4204-8E2A-EEFA5508F4F4}.Release|x86.Build.0 = Release|Any CPU
		{B1261719-7853-4CED-9E3F-F8DA2C73DFC0}.Debug|Any CPU.ActiveCfg = Debug|Any CPU
		{B1261719-7853-4CED-9E3F-F8DA2C73DFC0}.Debug|Any CPU.Build.0 = Debug|Any CPU
		{B1261719-7853-4CED-9E3F-F8DA2C73DFC0}.Debug|x64.ActiveCfg = Debug|Any CPU
		{B1261719-7853-4CED-9E3F-F8DA2C73DFC0}.Debug|x64.Build.0 = Debug|Any CPU
		{B1261719-7853-4CED-9E3F-F8DA2C73DFC0}.Debug|x86.ActiveCfg = Debug|Any CPU
		{B1261719-7853-4CED-9E3F-F8DA2C73DFC0}.Debug|x86.Build.0 = Debug|Any CPU
		{B1261719-7853-4CED-9E3F-F8DA2C73DFC0}.Release|Any CPU.ActiveCfg = Debug|Any CPU
		{B1261719-7853-4CED-9E3F-F8DA2C73DFC0}.Release|Any CPU.Build.0 = Debug|Any CPU
		{B1261719-7853-4CED-9E3F-F8DA2C73DFC0}.Release|x64.ActiveCfg = Debug|Any CPU
		{B1261719-7853-4CED-9E3F-F8DA2C73DFC0}.Release|x64.Build.0 = Debug|Any CPU
		{B1261719-7853-4CED-9E3F-F8DA2C73DFC0}.Release|x86.ActiveCfg = Debug|Any CPU
		{B1261719-7853-4CED-9E3F-F8DA2C73DFC0}.Release|x86.Build.0 = Debug|Any CPU
	EndGlobalSection
	GlobalSection(SolutionProperties) = preSolution
		HideSolutionNode = FALSE
	EndGlobalSection
	GlobalSection(NestedProjects) = preSolution
		{99E0D3C7-2493-418D-BD28-A2365102B103} = {D82C56D6-B2CD-F611-9E31-04638F7EC30E}
		{B4EF10F1-1E47-465D-893D-B6627C83E010} = {F883AD26-E2D9-0064-49F2-B333EF800629}
		{9B64D195-8023-42BE-81B5-167996A8464F} = {CEE4CB6F-82D5-E4EE-AE64-52BA4C2B10C4}
		{D382CE0B-1838-430D-8C5D-7442178F82B7} = {C44BBC64-9366-719A-7D54-DF7EFA4CD1D2}
		{5F5BC18D-4E5F-4F50-92B1-1BA3DDE65AB4} = {ED47B8C4-8D2D-BB6C-2718-125AD609AAD0}
		{22E88ED7-3150-4204-8E2A-EEFA5508F4F4} = {597651D8-71AE-D48A-1B4A-229A74677D16}
		{B1261719-7853-4CED-9E3F-F8DA2C73DFC0} = {1D587995-D2B1-D47C-23B4-E8E972FA15E9}
	EndGlobalSection
EndGlobal
