
Microsoft Visual Studio Solution File, Format Version 12.00
# Visual Studio Version 17
VisualStudioVersion = 17.0.31903.59
MinimumVisualStudioVersion = 10.0.40219.1
Project("{2150E333-8FDC-42A3-9474-1A3956D46DE8}") = "Analyzers", "Analyzers", "{F883AD26-E2D9-0064-49F2-B333EF800629}"
EndProject
Project("{FAE04EC0-301F-11D3-BF4B-00C04F79EFBC}") = "GdUnit4Analyzers", "Analyzers\GdUnit4Analyzers.csproj", "{B054CD64-7595-45B2-8489-F8822A984392}"
EndProject
Project("{2150E333-8FDC-42A3-9474-1A3956D46DE8}") = "Analyzers.Test", "Analyzers.Test", "{CEE4CB6F-82D5-E4EE-AE64-52BA4C2B10C4}"
EndProject
Project("{FAE04EC0-301F-11D3-BF4B-00C04F79EFBC}") = "GdUnit4Analyzers.Tests", "Analyzers.Test\GdUnit4Analyzers.Tests.csproj", "{9375E5D6-845D-485E-B5DF-3187CC941A42}"
EndProject
Project("{2150E333-8FDC-42A3-9474-1A3956D46DE8}") = "Api", "Api", "{D82C56D6-B2CD-F611-9E31-04638F7EC30E}"
EndProject
Project("{FAE04EC0-301F-11D3-BF4B-00C04F79EFBC}") = "GdUnit4Api", "Api\GdUnit4Api.csproj", "{14E6FC4F-D1D4-4573-8A8F-54D9AC69157E}"
EndProject
Project("{2150E333-8FDC-42A3-9474-1A3956D46DE8}") = "Api.Test", "Api.Test", "{C44BBC64-9366-719A-7D54-DF7EFA4CD1D2}"
EndProject
Project("{FAE04EC0-301F-11D3-BF4B-00C04F79EFBC}") = "GdUnit4ApiTest", "Api.Test\GdUnit4ApiTest.csproj", "{C72B04DA-1B1D-4A73-AF0B-32CBF31823B5}"
EndProject
Project("{2150E333-8FDC-42A3-9474-1A3956D46DE8}") = "TestAdapter", "TestAdapter", "{ED47B8C4-8D2D-BB6C-2718-125AD609AAD0}"
EndProject
Project("{FAE04EC0-301F-11D3-BF4B-00C04F79EFBC}") = "GdUnit4TestAdapter", "TestAdapter\GdUnit4TestAdapter.csproj", "{46CCAB51-AD4F-49C4-836F-6E304C217DF2}"
EndProject
Project("{2150E333-8FDC-42A3-9474-1A3956D46DE8}") = "TestAdapter.Test", "TestAdapter.Test", "{597651D8-71AE-D48A-1B4A-229A74677D16}"
EndProject
Project("{FAE04EC0-301F-11D3-BF4B-00C04F79EFBC}") = "GdUnit4TestAdapter.Tests", "TestAdapter.Test\GdUnit4TestAdapter.Tests.csproj", "{70E56365-4F49-4EC2-8C99-C9DF8F4EA96F}"
EndProject
Project("{2150E333-8FDC-42A3-9474-1A3956D46DE8}") = "Example", "Example", "{1D587995-D2B1-D47C-23B4-E8E972FA15E9}"
EndProject
Project("{FAE04EC0-301F-11D3-BF4B-00C04F79EFBC}") = "ExampleProject", "Example\ExampleProject.csproj", "{63B2F14D-809C-40F2-9000-3012B4F7FEA3}"
EndProject
Global
	GlobalSection(SolutionConfigurationPlatforms) = preSolution
		Debug|Any CPU = Debug|Any CPU
		Debug|x64 = Debug|x64
		Debug|x86 = Debug|x86
		Release|Any CPU = Release|Any CPU
		Release|x64 = Release|x64
		Release|x86 = Release|x86
	EndGlobalSection
	GlobalSection(ProjectConfigurationPlatforms) = postSolution
		{B054CD64-7595-45B2-8489-F8822A984392}.Debug|Any CPU.ActiveCfg = Debug|Any CPU
		{B054CD64-7595-45B2-8489-F8822A984392}.Debug|Any CPU.Build.0 = Debug|Any CPU
		{B054CD64-7595-45B2-8489-F8822A984392}.Debug|x64.ActiveCfg = Debug|Any CPU
		{B054CD64-7595-45B2-8489-F8822A984392}.Debug|x64.Build.0 = Debug|Any CPU
		{B054CD64-7595-45B2-8489-F8822A984392}.Debug|x86.ActiveCfg = Debug|Any CPU
		{B054CD64-7595-45B2-8489-F8822A984392}.Debug|x86.Build.0 = Debug|Any CPU
		{B054CD64-7595-45B2-8489-F8822A984392}.Release|Any CPU.ActiveCfg = Release|Any CPU
		{B054CD64-7595-45B2-8489-F8822A984392}.Release|Any CPU.Build.0 = Release|Any CPU
		{B054CD64-7595-45B2-8489-F8822A984392}.Release|x64.ActiveCfg = Release|Any CPU
		{B054CD64-7595-45B2-8489-F8822A984392}.Release|x64.Build.0 = Release|Any CPU
		{B054CD64-7595-45B2-8489-F8822A984392}.Release|x86.ActiveCfg = Release|Any CPU
		{B054CD64-7595-45B2-8489-F8822A984392}.Release|x86.Build.0 = Release|Any CPU
		{9375E5D6-845D-485E-B5DF-3187CC941A42}.Debug|Any CPU.ActiveCfg = Debug|Any CPU
		{9375E5D6-845D-485E-B5DF-3187CC941A42}.Debug|Any CPU.Build.0 = Debug|Any CPU
		{9375E5D6-845D-485E-B5DF-3187CC941A42}.Debug|x64.ActiveCfg = Debug|Any CPU
		{9375E5D6-845D-485E-B5DF-3187CC941A42}.Debug|x64.Build.0 = Debug|Any CPU
		{9375E5D6-845D-485E-B5DF-3187CC941A42}.Debug|x86.ActiveCfg = Debug|Any CPU
		{9375E5D6-845D-485E-B5DF-3187CC941A42}.Debug|x86.Build.0 = Debug|Any CPU
		{9375E5D6-845D-485E-B5DF-3187CC941A42}.Release|Any CPU.ActiveCfg = Release|Any CPU
		{9375E5D6-845D-485E-B5DF-3187CC941A42}.Release|Any CPU.Build.0 = Release|Any CPU
		{9375E5D6-845D-485E-B5DF-3187CC941A42}.Release|x64.ActiveCfg = Release|Any CPU
		{9375E5D6-845D-485E-B5DF-3187CC941A42}.Release|x64.Build.0 = Release|Any CPU
		{9375E5D6-845D-485E-B5DF-3187CC941A42}.Release|x86.ActiveCfg = Release|Any CPU
		{9375E5D6-845D-485E-B5DF-3187CC941A42}.Release|x86.Build.0 = Release|Any CPU
		{14E6FC4F-D1D4-4573-8A8F-54D9AC69157E}.Debug|Any CPU.ActiveCfg = Debug|Any CPU
		{14E6FC4F-D1D4-4573-8A8F-54D9AC69157E}.Debug|Any CPU.Build.0 = Debug|Any CPU
		{14E6FC4F-D1D4-4573-8A8F-54D9AC69157E}.Debug|x64.ActiveCfg = Debug|Any CPU
		{14E6FC4F-D1D4-4573-8A8F-54D9AC69157E}.Debug|x64.Build.0 = Debug|Any CPU
		{14E6FC4F-D1D4-4573-8A8F-54D9AC69157E}.Debug|x86.ActiveCfg = Debug|Any CPU
		{14E6FC4F-D1D4-4573-8A8F-54D9AC69157E}.Debug|x86.Build.0 = Debug|Any CPU
		{14E6FC4F-D1D4-4573-8A8F-54D9AC69157E}.Release|Any CPU.ActiveCfg = Release|Any CPU
		{14E6FC4F-D1D4-4573-8A8F-54D9AC69157E}.Release|Any CPU.Build.0 = Release|Any CPU
		{14E6FC4F-D1D4-4573-8A8F-54D9AC69157E}.Release|x64.ActiveCfg = Release|Any CPU
		{14E6FC4F-D1D4-4573-8A8F-54D9AC69157E}.Release|x64.Build.0 = Release|Any CPU
		{14E6FC4F-D1D4-4573-8A8F-54D9AC69157E}.Release|x86.ActiveCfg = Release|Any CPU
		{14E6FC4F-D1D4-4573-8A8F-54D9AC69157E}.Release|x86.Build.0 = Release|Any CPU
		{C72B04DA-1B1D-4A73-AF0B-32CBF31823B5}.Debug|Any CPU.ActiveCfg = Debug|Any CPU
		{C72B04DA-1B1D-4A73-AF0B-32CBF31823B5}.Debug|Any CPU.Build.0 = Debug|Any CPU
		{C72B04DA-1B1D-4A73-AF0B-32CBF31823B5}.Debug|x64.ActiveCfg = Debug|Any CPU
		{C72B04DA-1B1D-4A73-AF0B-32CBF31823B5}.Debug|x64.Build.0 = Debug|Any CPU
		{C72B04DA-1B1D-4A73-AF0B-32CBF31823B5}.Debug|x86.ActiveCfg = Debug|Any CPU
		{C72B04DA-1B1D-4A73-AF0B-32CBF31823B5}.Debug|x86.Build.0 = Debug|Any CPU
		{C72B04DA-1B1D-4A73-AF0B-32CBF31823B5}.Release|Any CPU.ActiveCfg = Debug|Any CPU
		{C72B04DA-1B1D-4A73-AF0B-32CBF31823B5}.Release|Any CPU.Build.0 = Debug|Any CPU
		{C72B04DA-1B1D-4A73-AF0B-32CBF31823B5}.Release|x64.ActiveCfg = Debug|Any CPU
		{C72B04DA-1B1D-4A73-AF0B-32CBF31823B5}.Release|x64.Build.0 = Debug|Any CPU
		{C72B04DA-1B1D-4A73-AF0B-32CBF31823B5}.Release|x86.ActiveCfg = Debug|Any CPU
		{C72B04DA-1B1D-4A73-AF0B-32CBF31823B5}.Release|x86.Build.0 = Debug|Any CPU
		{46CCAB51-AD4F-49C4-836F-6E304C217DF2}.Debug|Any CPU.ActiveCfg = Debug|Any CPU
		{46CCAB51-AD4F-49C4-836F-6E304C217DF2}.Debug|Any CPU.Build.0 = Debug|Any CPU
		{46CCAB51-AD4F-49C4-836F-6E304C217DF2}.Debug|x64.ActiveCfg = Debug|Any CPU
		{46CCAB51-AD4F-49C4-836F-6E304C217DF2}.Debug|x64.Build.0 = Debug|Any CPU
		{46CCAB51-AD4F-49C4-836F-6E304C217DF2}.Debug|x86.ActiveCfg = Debug|Any CPU
		{46CCAB51-AD4F-49C4-836F-6E304C217DF2}.Debug|x86.Build.0 = Debug|Any CPU
		{46CCAB51-AD4F-49C4-836F-6E304C217DF2}.Release|Any CPU.ActiveCfg = Release|Any CPU
		{46CCAB51-AD4F-49C4-836F-6E304C217DF2}.Release|Any CPU.Build.0 = Release|Any CPU
		{46CCAB51-AD4F-49C4-836F-6E304C217DF2}.Release|x64.ActiveCfg = Release|Any CPU
		{46CCAB51-AD4F-49C4-836F-6E304C217DF2}.Release|x64.Build.0 = Release|Any CPU
		{46CCAB51-AD4F-49C4-836F-6E304C217DF2}.Release|x86.ActiveCfg = Release|Any CPU
		{46CCAB51-AD4F-49C4-836F-6E304C217DF2}.Release|x86.Build.0 = Release|Any CPU
		{70E56365-4F49-4EC2-8C99-C9DF8F4EA96F}.Debug|Any CPU.ActiveCfg = Debug|Any CPU
		{70E56365-4F49-4EC2-8C99-C9DF8F4EA96F}.Debug|Any CPU.Build.0 = Debug|Any CPU
		{70E56365-4F49-4EC2-8C99-C9DF8F4EA96F}.Debug|x64.ActiveCfg = Debug|Any CPU
		{70E56365-4F49-4EC2-8C99-C9DF8F4EA96F}.Debug|x64.Build.0 = Debug|Any CPU
		{70E56365-4F49-4EC2-8C99-C9DF8F4EA96F}.Debug|x86.ActiveCfg = Debug|Any CPU
		{70E56365-4F49-4EC2-8C99-C9DF8F4EA96F}.Debug|x86.Build.0 = Debug|Any CPU
		{70E56365-4F49-4EC2-8C99-C9DF8F4EA96F}.Release|Any CPU.ActiveCfg = Release|Any CPU
		{70E56365-4F49-4EC2-8C99-C9DF8F4EA96F}.Release|Any CPU.Build.0 = Release|Any CPU
		{70E56365-4F49-4EC2-8C99-C9DF8F4EA96F}.Release|x64.ActiveCfg = Release|Any CPU
		{70E56365-4F49-4EC2-8C99-C9DF8F4EA96F}.Release|x64.Build.0 = Release|Any CPU
		{70E56365-4F49-4EC2-8C99-C9DF8F4EA96F}.Release|x86.ActiveCfg = Release|Any CPU
		{70E56365-4F49-4EC2-8C99-C9DF8F4EA96F}.Release|x86.Build.0 = Release|Any CPU
		{63B2F14D-809C-40F2-9000-3012B4F7FEA3}.Debug|Any CPU.ActiveCfg = Debug|Any CPU
		{63B2F14D-809C-40F2-9000-3012B4F7FEA3}.Debug|Any CPU.Build.0 = Debug|Any CPU
		{63B2F14D-809C-40F2-9000-3012B4F7FEA3}.Debug|x64.ActiveCfg = Debug|Any CPU
		{63B2F14D-809C-40F2-9000-3012B4F7FEA3}.Debug|x64.Build.0 = Debug|Any CPU
		{63B2F14D-809C-40F2-9000-3012B4F7FEA3}.Debug|x86.ActiveCfg = Debug|Any CPU
		{63B2F14D-809C-40F2-9000-3012B4F7FEA3}.Debug|x86.Build.0 = Debug|Any CPU
		{63B2F14D-809C-40F2-9000-3012B4F7FEA3}.Release|Any CPU.ActiveCfg = Debug|Any CPU
		{63B2F14D-809C-40F2-9000-3012B4F7FEA3}.Release|Any CPU.Build.0 = Debug|Any CPU
		{63B2F14D-809C-40F2-9000-3012B4F7FEA3}.Release|x64.ActiveCfg = Debug|Any CPU
		{63B2F14D-809C-40F2-9000-3012B4F7FEA3}.Release|x64.Build.0 = Debug|Any CPU
		{63B2F14D-809C-40F2-9000-3012B4F7FEA3}.Release|x86.ActiveCfg = Debug|Any CPU
		{63B2F14D-809C-40F2-9000-3012B4F7FEA3}.Release|x86.Build.0 = Debug|Any CPU
	EndGlobalSection
	GlobalSection(SolutionProperties) = preSolution
		HideSolutionNode = FALSE
	EndGlobalSection
	GlobalSection(NestedProjects) = preSolution
		{B054CD64-7595-45B2-8489-F8822A984392} = {F883AD26-E2D9-0064-49F2-B333EF800629}
		{9375E5D6-845D-485E-B5DF-3187CC941A42} = {CEE4CB6F-82D5-E4EE-AE64-52BA4C2B10C4}
		{14E6FC4F-D1D4-4573-8A8F-54D9AC69157E} = {D82C56D6-B2CD-F611-9E31-04638F7EC30E}
		{C72B04DA-1B1D-4A73-AF0B-32CBF31823B5} = {C44BBC64-9366-719A-7D54-DF7EFA4CD1D2}
		{46CCAB51-AD4F-49C4-836F-6E304C217DF2} = {ED47B8C4-8D2D-BB6C-2718-125AD609AAD0}
		{70E56365-4F49-4EC2-8C99-C9DF8F4EA96F} = {597651D8-71AE-D48A-1B4A-229A74677D16}
		{63B2F14D-809C-40F2-9000-3012B4F7FEA3} = {1D587995-D2B1-D47C-23B4-E8E972FA15E9}
	EndGlobalSection
EndGlobal
