
Microsoft Visual Studio Solution File, Format Version 12.00
# Visual Studio Version 17
VisualStudioVersion = 17.0.31903.59
MinimumVisualStudioVersion = 10.0.40219.1
Project("{FAE04EC0-301F-11D3-BF4B-00C04F79EFBC}") = "gdUnit4.api", "./api/gdUnit4Api.csproj", "{E5ED8330-DA73-49CE-A060-103CD6B8DC6D}"
EndProject
Project("{FAE04EC0-301F-11D3-BF4B-00C04F79EFBC}") = "gdUnit4.test.adapter", "./testadapter/gdUnit4TestAdapter.csproj", "{42C45312-5065-4E36-BBB4-8FA958C5DA50}"
EndProject
Project("{FAE04EC0-301F-11D3-BF4B-00C04F79EFBC}") = "gdUnit4.test", "./test/gdUnit4Test.csproj", "{B97C5043-B4BE-4156-BE0F-FDCBDECA61F6}"
EndProject
Project("{FAE04EC0-301F-11D3-BF4B-00C04F79EFBC}") = "example", "./example/exampleProject.csproj", "{29AC603E-2EEB-41A0-90AF-BE0B3EA966D8}"
EndProject
Global
	GlobalSection(SolutionConfigurationPlatforms) = preSolution
		Debug|Any CPU = Debug|Any CPU
		Release|Any CPU = Release|Any CPU
	EndGlobalSection
	GlobalSection(SolutionProperties) = preSolution
		HideSolutionNode = FALSE
	EndGlobalSection
	GlobalSection(ProjectConfigurationPlatforms) = postSolution
		{E5ED8330-DA73-49CE-A060-103CD6B8DC6D}.Debug|Any CPU.ActiveCfg = Debug|Any CPU
		{E5ED8330-DA73-49CE-A060-103CD6B8DC6D}.Debug|Any CPU.Build.0 = Debug|Any CPU
		{E5ED8330-DA73-49CE-A060-103CD6B8DC6D}.Release|Any CPU.ActiveCfg = Release|Any CPU
		{E5ED8330-DA73-49CE-A060-103CD6B8DC6D}.Release|Any CPU.Build.0 = Release|Any CPU
		{42C45312-5065-4E36-BBB4-8FA958C5DA50}.Debug|Any CPU.ActiveCfg = Debug|Any CPU
		{42C45312-5065-4E36-BBB4-8FA958C5DA50}.Debug|Any CPU.Build.0 = Debug|Any CPU
		{42C45312-5065-4E36-BBB4-8FA958C5DA50}.Release|Any CPU.ActiveCfg = Release|Any CPU
		{42C45312-5065-4E36-BBB4-8FA958C5DA50}.Release|Any CPU.Build.0 = Release|Any CPU
		{B97C5043-B4BE-4156-BE0F-FDCBDECA61F6}.Debug|Any CPU.ActiveCfg = Debug|Any CPU
		{B97C5043-B4BE-4156-BE0F-FDCBDECA61F6}.Debug|Any CPU.Build.0 = Debug|Any CPU
		{B97C5043-B4BE-4156-BE0F-FDCBDECA61F6}.Release|Any CPU.ActiveCfg = Debug|Any CPU
		{B97C5043-B4BE-4156-BE0F-FDCBDECA61F6}.Release|Any CPU.Build.0 = Debug|Any CPU
		{29AC603E-2EEB-41A0-90AF-BE0B3EA966D8}.Debug|Any CPU.ActiveCfg = Debug|Any CPU
		{29AC603E-2EEB-41A0-90AF-BE0B3EA966D8}.Debug|Any CPU.Build.0 = Debug|Any CPU
		{29AC603E-2EEB-41A0-90AF-BE0B3EA966D8}.Release|Any CPU.ActiveCfg = Release|Any CPU
		{29AC603E-2EEB-41A0-90AF-BE0B3EA966D8}.Release|Any CPU.Build.0 = Release|Any CPU
	EndGlobalSection
EndGlobal
