
Microsoft Visual Studio Solution File, Format Version 12.00
# Visual Studio Version 17
VisualStudioVersion = 17.0.31903.59
MinimumVisualStudioVersion = 10.0.40219.1
Project("{FAE04EC0-301F-11D3-BF4B-00C04F79EFBC}") = "gdUnit4Api", ".\api\gdUnit4Api.csproj", "{E5ED8330-DA73-49CE-A060-103CD6B8DC6D}"
EndProject
Project("{FAE04EC0-301F-11D3-BF4B-00C04F79EFBC}") = "gdUnit4TestAdapter", ".\testadapter\gdUnit4TestAdapter.csproj", "{42C45312-5065-4E36-BBB4-8FA958C5DA50}"
EndProject
Project("{FAE04EC0-301F-11D3-BF4B-00C04F79EFBC}") = "gdUnit4TestAdapter.Tests", ".\testadapter.test\gdUnit4TestAdapter.Tests.csproj", "{99D04331-DF6F-4A29-8F6E-2CB00F27F39E}"
EndProject
Project("{FAE04EC0-301F-11D3-BF4B-00C04F79EFBC}") = "gdUnit4Test", ".\test\gdUnit4Test.csproj", "{B97C5043-B4BE-4156-BE0F-FDCBDECA61F6}"
EndProject
Project("{FAE04EC0-301F-11D3-BF4B-00C04F79EFBC}") = "exampleProject", ".\example\exampleProject.csproj", "{29AC603E-2EEB-41A0-90AF-BE0B3EA966D8}"
EndProject
Project("{2150E333-8FDC-42A3-9474-1A3956D46DE8}") = "Analyzers", "Analyzers", "{F883AD26-E2D9-0064-49F2-B333EF800629}"
EndProject
Project("{FAE04EC0-301F-11D3-BF4B-00C04F79EFBC}") = "GdUnit4Analyzers", "Analyzers\GdUnit4Analyzers.csproj", "{B054CD64-7595-45B2-8489-F8822A984392}"
EndProject
Project("{2150E333-8FDC-42A3-9474-1A3956D46DE8}") = "Analyzers.Test", "Analyzers.Test", "{CEE4CB6F-82D5-E4EE-AE64-52BA4C2B10C4}"
EndProject
Project("{FAE04EC0-301F-11D3-BF4B-00C04F79EFBC}") = "GdUnit4Analyzers.Tests", "Analyzers.Test\GdUnit4Analyzers.Tests.csproj", "{9375E5D6-845D-485E-B5DF-3187CC941A42}"
EndProject
Global
	GlobalSection(SolutionConfigurationPlatforms) = preSolution
		Debug|Any CPU = Debug|Any CPU
		Debug|x64 = Debug|x64
		Debug|x86 = Debug|x86
		Release|Any CPU = Release|Any CPU
		Release|x64 = Release|x64
		Release|x86 = Release|x86
	EndGlobalSection
	GlobalSection(ProjectConfigurationPlatforms) = postSolution
		{E5ED8330-DA73-49CE-A060-103CD6B8DC6D}.Debug|Any CPU.ActiveCfg = Debug|Any CPU
		{E5ED8330-DA73-49CE-A060-103CD6B8DC6D}.Debug|Any CPU.Build.0 = Debug|Any CPU
		{E5ED8330-DA73-49CE-A060-103CD6B8DC6D}.Debug|x64.ActiveCfg = Debug|Any CPU
		{E5ED8330-DA73-49CE-A060-103CD6B8DC6D}.Debug|x64.Build.0 = Debug|Any CPU
		{E5ED8330-DA73-49CE-A060-103CD6B8DC6D}.Debug|x86.ActiveCfg = Debug|Any CPU
		{E5ED8330-DA73-49CE-A060-103CD6B8DC6D}.Debug|x86.Build.0 = Debug|Any CPU
		{E5ED8330-DA73-49CE-A060-103CD6B8DC6D}.Release|Any CPU.ActiveCfg = Release|Any CPU
		{E5ED8330-DA73-49CE-A060-103CD6B8DC6D}.Release|Any CPU.Build.0 = Release|Any CPU
		{E5ED8330-DA73-49CE-A060-103CD6B8DC6D}.Release|x64.ActiveCfg = Release|Any CPU
		{E5ED8330-DA73-49CE-A060-103CD6B8DC6D}.Release|x64.Build.0 = Release|Any CPU
		{E5ED8330-DA73-49CE-A060-103CD6B8DC6D}.Release|x86.ActiveCfg = Release|Any CPU
		{E5ED8330-DA73-49CE-A060-103CD6B8DC6D}.Release|x86.Build.0 = Release|Any CPU
		{42C45312-5065-4E36-BBB4-8FA958C5DA50}.Debug|Any CPU.ActiveCfg = Debug|Any CPU
		{42C45312-5065-4E36-BBB4-8FA958C5DA50}.Debug|Any CPU.Build.0 = Debug|Any CPU
		{42C45312-5065-4E36-BBB4-8FA958C5DA50}.Debug|x64.ActiveCfg = Debug|Any CPU
		{42C45312-5065-4E36-BBB4-8FA958C5DA50}.Debug|x64.Build.0 = Debug|Any CPU
		{42C45312-5065-4E36-BBB4-8FA958C5DA50}.Debug|x86.ActiveCfg = Debug|Any CPU
		{42C45312-5065-4E36-BBB4-8FA958C5DA50}.Debug|x86.Build.0 = Debug|Any CPU
		{42C45312-5065-4E36-BBB4-8FA958C5DA50}.Release|Any CPU.ActiveCfg = Release|Any CPU
		{42C45312-5065-4E36-BBB4-8FA958C5DA50}.Release|Any CPU.Build.0 = Release|Any CPU
		{42C45312-5065-4E36-BBB4-8FA958C5DA50}.Release|x64.ActiveCfg = Release|Any CPU
		{42C45312-5065-4E36-BBB4-8FA958C5DA50}.Release|x64.Build.0 = Release|Any CPU
		{42C45312-5065-4E36-BBB4-8FA958C5DA50}.Release|x86.ActiveCfg = Release|Any CPU
		{42C45312-5065-4E36-BBB4-8FA958C5DA50}.Release|x86.Build.0 = Release|Any CPU
		{99D04331-DF6F-4A29-8F6E-2CB00F27F39E}.Debug|Any CPU.ActiveCfg = Debug|Any CPU
		{99D04331-DF6F-4A29-8F6E-2CB00F27F39E}.Debug|Any CPU.Build.0 = Debug|Any CPU
		{99D04331-DF6F-4A29-8F6E-2CB00F27F39E}.Debug|x64.ActiveCfg = Debug|Any CPU
		{99D04331-DF6F-4A29-8F6E-2CB00F27F39E}.Debug|x64.Build.0 = Debug|Any CPU
		{99D04331-DF6F-4A29-8F6E-2CB00F27F39E}.Debug|x86.ActiveCfg = Debug|Any CPU
		{99D04331-DF6F-4A29-8F6E-2CB00F27F39E}.Debug|x86.Build.0 = Debug|Any CPU
		{99D04331-DF6F-4A29-8F6E-2CB00F27F39E}.Release|Any CPU.ActiveCfg = Release|Any CPU
		{99D04331-DF6F-4A29-8F6E-2CB00F27F39E}.Release|Any CPU.Build.0 = Release|Any CPU
		{99D04331-DF6F-4A29-8F6E-2CB00F27F39E}.Release|x64.ActiveCfg = Release|Any CPU
		{99D04331-DF6F-4A29-8F6E-2CB00F27F39E}.Release|x64.Build.0 = Release|Any CPU
		{99D04331-DF6F-4A29-8F6E-2CB00F27F39E}.Release|x86.ActiveCfg = Release|Any CPU
		{99D04331-DF6F-4A29-8F6E-2CB00F27F39E}.Release|x86.Build.0 = Release|Any CPU
		{B97C5043-B4BE-4156-BE0F-FDCBDECA61F6}.Debug|Any CPU.ActiveCfg = Debug|Any CPU
		{B97C5043-B4BE-4156-BE0F-FDCBDECA61F6}.Debug|Any CPU.Build.0 = Debug|Any CPU
		{B97C5043-B4BE-4156-BE0F-FDCBDECA61F6}.Debug|x64.ActiveCfg = Debug|Any CPU
		{B97C5043-B4BE-4156-BE0F-FDCBDECA61F6}.Debug|x64.Build.0 = Debug|Any CPU
		{B97C5043-B4BE-4156-BE0F-FDCBDECA61F6}.Debug|x86.ActiveCfg = Debug|Any CPU
		{B97C5043-B4BE-4156-BE0F-FDCBDECA61F6}.Debug|x86.Build.0 = Debug|Any CPU
		{B97C5043-B4BE-4156-BE0F-FDCBDECA61F6}.Release|Any CPU.ActiveCfg = Debug|Any CPU
		{B97C5043-B4BE-4156-BE0F-FDCBDECA61F6}.Release|Any CPU.Build.0 = Debug|Any CPU
		{B97C5043-B4BE-4156-BE0F-FDCBDECA61F6}.Release|x64.ActiveCfg = Release|Any CPU
		{B97C5043-B4BE-4156-BE0F-FDCBDECA61F6}.Release|x64.Build.0 = Release|Any CPU
		{B97C5043-B4BE-4156-BE0F-FDCBDECA61F6}.Release|x86.ActiveCfg = Release|Any CPU
		{B97C5043-B4BE-4156-BE0F-FDCBDECA61F6}.Release|x86.Build.0 = Release|Any CPU
		{29AC603E-2EEB-41A0-90AF-BE0B3EA966D8}.Debug|Any CPU.ActiveCfg = Debug|Any CPU
		{29AC603E-2EEB-41A0-90AF-BE0B3EA966D8}.Debug|Any CPU.Build.0 = Debug|Any CPU
		{29AC603E-2EEB-41A0-90AF-BE0B3EA966D8}.Debug|x64.ActiveCfg = Debug|Any CPU
		{29AC603E-2EEB-41A0-90AF-BE0B3EA966D8}.Debug|x64.Build.0 = Debug|Any CPU
		{29AC603E-2EEB-41A0-90AF-BE0B3EA966D8}.Debug|x86.ActiveCfg = Debug|Any CPU
		{29AC603E-2EEB-41A0-90AF-BE0B3EA966D8}.Debug|x86.Build.0 = Debug|Any CPU
		{29AC603E-2EEB-41A0-90AF-BE0B3EA966D8}.Release|Any CPU.ActiveCfg = Release|Any CPU
		{29AC603E-2EEB-41A0-90AF-BE0B3EA966D8}.Release|Any CPU.Build.0 = Release|Any CPU
		{29AC603E-2EEB-41A0-90AF-BE0B3EA966D8}.Release|x64.ActiveCfg = Release|Any CPU
		{29AC603E-2EEB-41A0-90AF-BE0B3EA966D8}.Release|x64.Build.0 = Release|Any CPU
		{29AC603E-2EEB-41A0-90AF-BE0B3EA966D8}.Release|x86.ActiveCfg = Release|Any CPU
		{29AC603E-2EEB-41A0-90AF-BE0B3EA966D8}.Release|x86.Build.0 = Release|Any CPU
		{B054CD64-7595-45B2-8489-F8822A984392}.Debug|Any CPU.ActiveCfg = Debug|Any CPU
		{B054CD64-7595-45B2-8489-F8822A984392}.Debug|Any CPU.Build.0 = Debug|Any CPU
		{B054CD64-7595-45B2-8489-F8822A984392}.Debug|x64.ActiveCfg = Debug|Any CPU
		{B054CD64-7595-45B2-8489-F8822A984392}.Debug|x64.Build.0 = Debug|Any CPU
		{B054CD64-7595-45B2-8489-F8822A984392}.Debug|x86.ActiveCfg = Debug|Any CPU
		{B054CD64-7595-45B2-8489-F8822A984392}.Debug|x86.Build.0 = Debug|Any CPU
		{B054CD64-7595-45B2-8489-F8822A984392}.Release|Any CPU.ActiveCfg = Release|Any CPU
		{B054CD64-7595-45B2-8489-F8822A984392}.Release|Any CPU.Build.0 = Release|Any CPU
		{B054CD64-7595-45B2-8489-F8822A984392}.Release|x64.ActiveCfg = Release|Any CPU
		{B054CD64-7595-45B2-8489-F8822A984392}.Release|x64.Build.0 = Release|Any CPU
		{B054CD64-7595-45B2-8489-F8822A984392}.Release|x86.ActiveCfg = Release|Any CPU
		{B054CD64-7595-45B2-8489-F8822A984392}.Release|x86.Build.0 = Release|Any CPU
		{9375E5D6-845D-485E-B5DF-3187CC941A42}.Debug|Any CPU.ActiveCfg = Debug|Any CPU
		{9375E5D6-845D-485E-B5DF-3187CC941A42}.Debug|Any CPU.Build.0 = Debug|Any CPU
		{9375E5D6-845D-485E-B5DF-3187CC941A42}.Debug|x64.ActiveCfg = Debug|Any CPU
		{9375E5D6-845D-485E-B5DF-3187CC941A42}.Debug|x64.Build.0 = Debug|Any CPU
		{9375E5D6-845D-485E-B5DF-3187CC941A42}.Debug|x86.ActiveCfg = Debug|Any CPU
		{9375E5D6-845D-485E-B5DF-3187CC941A42}.Debug|x86.Build.0 = Debug|Any CPU
		{9375E5D6-845D-485E-B5DF-3187CC941A42}.Release|Any CPU.ActiveCfg = Release|Any CPU
		{9375E5D6-845D-485E-B5DF-3187CC941A42}.Release|Any CPU.Build.0 = Release|Any CPU
		{9375E5D6-845D-485E-B5DF-3187CC941A42}.Release|x64.ActiveCfg = Release|Any CPU
		{9375E5D6-845D-485E-B5DF-3187CC941A42}.Release|x64.Build.0 = Release|Any CPU
		{9375E5D6-845D-485E-B5DF-3187CC941A42}.Release|x86.ActiveCfg = Release|Any CPU
		{9375E5D6-845D-485E-B5DF-3187CC941A42}.Release|x86.Build.0 = Release|Any CPU
	EndGlobalSection
	GlobalSection(SolutionProperties) = preSolution
		HideSolutionNode = FALSE
	EndGlobalSection
	GlobalSection(NestedProjects) = preSolution
		{B054CD64-7595-45B2-8489-F8822A984392} = {F883AD26-E2D9-0064-49F2-B333EF800629}
		{9375E5D6-845D-485E-B5DF-3187CC941A42} = {CEE4CB6F-82D5-E4EE-AE64-52BA4C2B10C4}
	EndGlobalSection
EndGlobal
